schema: '2.0'
stages:
  prepare:
    cmd: python src/prepare.py
    deps:
    - path: data/raw/data.csv
      hash: md5
      md5: ee29c9ee9ea60654b5bb0a161c0a473d
      size: 533230
    - path: src/prepare.py
      hash: md5
      md5: 3a2343dacf8c70d4b7b4b5b3a1a4ba4e
      size: 2765
    params:
      params.yaml:
        prepare.random_state: 42
        prepare.test_size: 0.2
    outs:
    - path: data/processed/label_map.json
      hash: md5
      md5: 210c2f8712986d78f8125430b5a25b75
      size: 56
    - path: data/processed/test.csv
      hash: md5
      md5: f71ecaa6dc9b4110b2d46e071fcfce72
      size: 101493
    - path: data/processed/train.csv
      hash: md5
      md5: de9e6405f61044d0b9ad9a23aeb5ed4b
      size: 403060
  train:
    cmd: python src/train.py
    deps:
    - path: data/processed/train.csv
      hash: md5
      md5: de9e6405f61044d0b9ad9a23aeb5ed4b
      size: 403060
    - path: src/train.py
      hash: md5
      md5: 2430b96f964ecdbba3a88559b5419dfb
      size: 1275
    params:
      params.yaml:
        train.max_depth: 16
        train.min_samples_leaf: 2
        train.n_estimators: 400
        train.random_state: 42
    outs:
    - path: models/model.pkl
      hash: md5
      md5: e1f13e8615a70aa18b6a7130474df3e5
      size: 33959953
  evaluate:
    cmd: python src/evaluate.py
    deps:
    - path: data/processed/test.csv
      hash: md5
      md5: f71ecaa6dc9b4110b2d46e071fcfce72
      size: 101493
    - path: models/model.pkl
      hash: md5
      md5: e1f13e8615a70aa18b6a7130474df3e5
      size: 33959953
    - path: src/evaluate.py
      hash: md5
      md5: cbc92fd7475674618297c069621a0939
      size: 2402
    params:
      params.yaml:
        evaluate.average: macro
    outs:
    - path: docs/confusion_matrix.png
      hash: md5
      md5: 1aef1d9c5bf836f29b9a4ab3747fd860
      size: 29307
    - path: metrics.json
      hash: md5
      md5: 7dfcff13f426e336b04cc35081ecbfea
      size: 612
